
Microsoft Visual Studio Solution File, Format Version 12.00
# Visual Studio Version 17
VisualStudioVersion = 17.3.32929.385
MinimumVisualStudioVersion = 10.0.40219.1
Project("{FAE04EC0-301F-11D3-BF4B-00C04F79EFBC}") = "ConsoleApp3", "ConsoleApp3\ConsoleApp3.csproj", "{FFB42EFF-DF3C-4619-9A41-206239DAFEB0}"
EndProject
Global
	GlobalSection(SolutionConfigurationPlatforms) = preSolution
		Debug|Any CPU = Debug|Any CPU
		Release|Any CPU = Release|Any CPU
	EndGlobalSection
	GlobalSection(ProjectConfigurationPlatforms) = postSolution
		{FFB42EFF-DF3C-4619-9A41-206239DAFEB0}.Debug|Any CPU.ActiveCfg = Debug|Any CPU
		{FFB42EFF-DF3C-4619-9A41-206239DAFEB0}.Debug|Any CPU.Build.0 = Debug|Any CPU
		{FFB42EFF-DF3C-4619-9A41-206239DAFEB0}.Release|Any CPU.ActiveCfg = Release|Any CPU
		{FFB42EFF-DF3C-4619-9A41-206239DAFEB0}.Release|Any CPU.Build.0 = Release|Any CPU
	EndGlobalSection
	GlobalSection(SolutionProperties) = preSolution
		HideSolutionNode = FALSE
	EndGlobalSection
	GlobalSection(ExtensibilityGlobals) = postSolution
		SolutionGuid = {916F3757-A6AE-41EB-8511-784EE4A3FE40}
	EndGlobalSection
EndGlobal
